
Microsoft Visual Studio Solution File, Format Version 12.00
# Visual Studio Version 17
VisualStudioVersion = 17.1.32421.90
MinimumVisualStudioVersion = 10.0.40219.1
Project("{2150E333-8FDC-42A3-9474-1A3956D46DE8}") = "src", "src", "{E3152C26-0591-49EE-84B8-147EE4AA3247}"
EndProject
Project("{9A19103F-16F7-4668-BE54-9A1E7A4F7556}") = "ParserOfPsychologists.Application", "src\ParserOfPsychologists.Application\ParserOfPsychologists.Application.csproj", "{373362E1-C3E2-4FF6-B035-4E786430EEA0}"
EndProject
Project("{9A19103F-16F7-4668-BE54-9A1E7A4F7556}") = "ParserOfPsychologists.WinFormsUI", "src\ParserOfPsychologists.WinFormsUI\ParserOfPsychologists.WinFormsUI.csproj", "{7D629681-207D-4747-A6F8-12B5D31B5D7D}"
EndProject
Global
	GlobalSection(SolutionConfigurationPlatforms) = preSolution
		Debug|Any CPU = Debug|Any CPU
		Release|Any CPU = Release|Any CPU
	EndGlobalSection
	GlobalSection(ProjectConfigurationPlatforms) = postSolution
		{373362E1-C3E2-4FF6-B035-4E786430EEA0}.Debug|Any CPU.ActiveCfg = Debug|Any CPU
		{373362E1-C3E2-4FF6-B035-4E786430EEA0}.Debug|Any CPU.Build.0 = Debug|Any CPU
		{373362E1-C3E2-4FF6-B035-4E786430EEA0}.Release|Any CPU.ActiveCfg = Release|Any CPU
		{373362E1-C3E2-4FF6-B035-4E786430EEA0}.Release|Any CPU.Build.0 = Release|Any CPU
		{7D629681-207D-4747-A6F8-12B5D31B5D7D}.Debug|Any CPU.ActiveCfg = Debug|Any CPU
		{7D629681-207D-4747-A6F8-12B5D31B5D7D}.Debug|Any CPU.Build.0 = Debug|Any CPU
		{7D629681-207D-4747-A6F8-12B5D31B5D7D}.Release|Any CPU.ActiveCfg = Release|Any CPU
		{7D629681-207D-4747-A6F8-12B5D31B5D7D}.Release|Any CPU.Build.0 = Release|Any CPU
	EndGlobalSection
	GlobalSection(SolutionProperties) = preSolution
		HideSolutionNode = FALSE
	EndGlobalSection
	GlobalSection(NestedProjects) = preSolution
		{373362E1-C3E2-4FF6-B035-4E786430EEA0} = {E3152C26-0591-49EE-84B8-147EE4AA3247}
		{7D629681-207D-4747-A6F8-12B5D31B5D7D} = {E3152C26-0591-49EE-84B8-147EE4AA3247}
	EndGlobalSection
	GlobalSection(ExtensibilityGlobals) = postSolution
		SolutionGuid = {271B8AED-BE7A-470D-9993-E375E3909E21}
	EndGlobalSection
EndGlobal
